// !$*UTF8*$!
{
	archiveVersion = 1;
	classes = {
	};
	objectVersion = 48;
	objects = {

/* Begin PBXBuildFile section */
		78A6CAFD2023476300405FE8 /* AppDelegate.m in Sources */ = {isa = PBXBuildFile; fileRef = 78A6CAFC2023476300405FE8 /* AppDelegate.m */; };
		78A6CB002023476300405FE8 /* ViewController.m in Sources */ = {isa = PBXBuildFile; fileRef = 78A6CAFF2023476300405FE8 /* ViewController.m */; };
		78A6CB032023476300405FE8 /* Main.storyboard in Resources */ = {isa = PBXBuildFile; fileRef = 78A6CB012023476300405FE8 /* Main.storyboard */; };
		78A6CB052023476300405FE8 /* Assets.xcassets in Resources */ = {isa = PBXBuildFile; fileRef = 78A6CB042023476300405FE8 /* Assets.xcassets */; };
		78A6CB082023476300405FE8 /* LaunchScreen.storyboard in Resources */ = {isa = PBXBuildFile; fileRef = 78A6CB062023476300405FE8 /* LaunchScreen.storyboard */; };
		78A6CB0B2023476300405FE8 /* main.m in Sources */ = {isa = PBXBuildFile; fileRef = 78A6CB0A2023476300405FE8 /* main.m */; };
		78A6CB14202347EA00405FE8 /* Security.framework in Frameworks */ = {isa = PBXBuildFile; fileRef = 78A6CB13202347EA00405FE8 /* Security.framework */; };
/* End PBXBuildFile section */

/* Begin PBXFileReference section */
		78A6CAF82023476200405FE8 /* wkeychain.app */ = {isa = PBXFileReference; explicitFileType = wrapper.application; includeInIndex = 0; path = wkeychain.app; sourceTree = BUILT_PRODUCTS_DIR; };
		78A6CAFB2023476300405FE8 /* AppDelegate.h */ = {isa = PBXFileReference; lastKnownFileType = sourcecode.c.h; path = AppDelegate.h; sourceTree = "<group>"; };
		78A6CAFC2023476300405FE8 /* AppDelegate.m */ = {isa = PBXFileReference; lastKnownFileType = sourcecode.c.objc; path = AppDelegate.m; sourceTree = "<group>"; };
		78A6CAFE2023476300405FE8 /* ViewController.h */ = {isa = PBXFileReference; lastKnownFileType = sourcecode.c.h; path = ViewController.h; sourceTree = "<group>"; };
		78A6CAFF2023476300405FE8 /* ViewController.m */ = {isa = PBXFileReference; lastKnownFileType = sourcecode.c.objc; path = ViewController.m; sourceTree = "<group>"; };
		78A6CB022023476300405FE8 /* Base */ = {isa = PBXFileReference; lastKnownFileType = file.storyboard; name = Base; path = Base.lproj/Main.storyboard; sourceTree = "<group>"; };
		78A6CB042023476300405FE8 /* Assets.xcassets */ = {isa = PBXFileReference; lastKnownFileType = folder.assetcatalog; path = Assets.xcassets; sourceTree = "<group>"; };
		78A6CB072023476300405FE8 /* Base */ = {isa = PBXFileReference; lastKnownFileType = file.storyboard; name = Base; path = Base.lproj/LaunchScreen.storyboard; sourceTree = "<group>"; };
		78A6CB092023476300405FE8 /* Info.plist */ = {isa = PBXFileReference; lastKnownFileType = text.plist.xml; path = Info.plist; sourceTree = "<group>"; };
		78A6CB0A2023476300405FE8 /* main.m */ = {isa = PBXFileReference; lastKnownFileType = sourcecode.c.objc; path = main.m; sourceTree = "<group>"; };
		78A6CB11202347D500405FE8 /* wkeychain.entitlements */ = {isa = PBXFileReference; lastKnownFileType = text.plist.entitlements; path = wkeychain.entitlements; sourceTree = "<group>"; };
		78A6CB13202347EA00405FE8 /* Security.framework */ = {isa = PBXFileReference; lastKnownFileType = wrapper.framework; name = Security.framework; path = System/Library/Frameworks/Security.framework; sourceTree = SDKROOT; };
/* End PBXFileReference section */

/* Begin PBXFrameworksBuildPhase section */
		78A6CAF52023476200405FE8 /* Frameworks */ = {
			isa = PBXFrameworksBuildPhase;
			buildActionMask = 2147483647;
			files = (
				78A6CB14202347EA00405FE8 /* Security.framework in Frameworks */,
			);
			runOnlyForDeploymentPostprocessing = 0;
		};
/* End PBXFrameworksBuildPhase section */

/* Begin PBXGroup section */
		78A6CAEF2023476200405FE8 = {
			isa = PBXGroup;
			children = (
				78A6CAFA2023476200405FE8 /* wkeychain */,
				78A6CAF92023476200405FE8 /* Products */,
				78A6CB12202347EA00405FE8 /* Frameworks */,
			);
			sourceTree = "<group>";
		};
		78A6CAF92023476200405FE8 /* Products */ = {
			isa = PBXGroup;
			children = (
				78A6CAF82023476200405FE8 /* wkeychain.app */,
			);
			name = Products;
			sourceTree = "<group>";
		};
		78A6CAFA2023476200405FE8 /* wkeychain */ = {
			isa = PBXGroup;
			children = (
				78A6CB11202347D500405FE8 /* wkeychain.entitlements */,
				78A6CAFB2023476300405FE8 /* AppDelegate.h */,
				78A6CAFC2023476300405FE8 /* AppDelegate.m */,
				78A6CAFE2023476300405FE8 /* ViewController.h */,
				78A6CAFF2023476300405FE8 /* ViewController.m */,
				78A6CB012023476300405FE8 /* Main.storyboard */,
				78A6CB042023476300405FE8 /* Assets.xcassets */,
				78A6CB062023476300405FE8 /* LaunchScreen.storyboard */,
				78A6CB092023476300405FE8 /* Info.plist */,
				78A6CB0A2023476300405FE8 /* main.m */,
			);
			path = wkeychain;
			sourceTree = "<group>";
		};
		78A6CB12202347EA00405FE8 /* Frameworks */ = {
			isa = PBXGroup;
			children = (
				78A6CB13202347EA00405FE8 /* Security.framework */,
			);
			name = Frameworks;
			sourceTree = "<group>";
		};
/* End PBXGroup section */

/* Begin PBXNativeTarget section */
		78A6CAF72023476200405FE8 /* wkeychain */ = {
			isa = PBXNativeTarget;
			buildConfigurationList = 78A6CB0E2023476300405FE8 /* Build configuration list for PBXNativeTarget "wkeychain" */;
			buildPhases = (
				78A6CAF42023476200405FE8 /* Sources */,
				78A6CAF52023476200405FE8 /* Frameworks */,
				78A6CAF62023476200405FE8 /* Resources */,
			);
			buildRules = (
			);
			dependencies = (
			);
			name = wkeychain;
			productName = wkeychain;
			productReference = 78A6CAF82023476200405FE8 /* wkeychain.app */;
			productType = "com.apple.product-type.application";
		};
/* End PBXNativeTarget section */

/* Begin PBXProject section */
		78A6CAF02023476200405FE8 /* Project object */ = {
			isa = PBXProject;
			attributes = {
				LastUpgradeCheck = 0920;
				ORGANIZATIONNAME = zulong;
				TargetAttributes = {
					78A6CAF72023476200405FE8 = {
						CreatedOnToolsVersion = 9.2;
						ProvisioningStyle = Automatic;
						SystemCapabilities = {
							com.apple.Keychain = {
								enabled = 1;
							};
						};
					};
				};
			};
			buildConfigurationList = 78A6CAF32023476200405FE8 /* Build configuration list for PBXProject "wkeychain" */;
			compatibilityVersion = "Xcode 8.0";
			developmentRegion = en;
			hasScannedForEncodings = 0;
			knownRegions = (
				en,
				Base,
			);
			mainGroup = 78A6CAEF2023476200405FE8;
			productRefGroup = 78A6CAF92023476200405FE8 /* Products */;
			projectDirPath = "";
			projectRoot = "";
			targets = (
				78A6CAF72023476200405FE8 /* wkeychain */,
			);
		};
/* End PBXProject section */

/* Begin PBXResourcesBuildPhase section */
		78A6CAF62023476200405FE8 /* Resources */ = {
			isa = PBXResourcesBuildPhase;
			buildActionMask = 2147483647;
			files = (
				78A6CB082023476300405FE8 /* LaunchScreen.storyboard in Resources */,
				78A6CB052023476300405FE8 /* Assets.xcassets in Resources */,
				78A6CB032023476300405FE8 /* Main.storyboard in Resources */,
			);
			runOnlyForDeploymentPostprocessing = 0;
		};
/* End PBXResourcesBuildPhase section */

/* Begin PBXSourcesBuildPhase section */
		78A6CAF42023476200405FE8 /* Sources */ = {
			isa = PBXSourcesBuildPhase;
			buildActionMask = 2147483647;
			files = (
				78A6CB002023476300405FE8 /* ViewController.m in Sources */,
				78A6CB0B2023476300405FE8 /* main.m in Sources */,
				78A6CAFD2023476300405FE8 /* AppDelegate.m in Sources */,
			);
			runOnlyForDeploymentPostprocessing = 0;
		};
/* End PBXSourcesBuildPhase section */

/* Begin PBXVariantGroup section */
		78A6CB012023476300405FE8 /* Main.storyboard */ = {
			isa = PBXVariantGroup;
			children = (
				78A6CB022023476300405FE8 /* Base */,
			);
			name = Main.storyboard;
			sourceTree = "<group>";
		};
		78A6CB062023476300405FE8 /* LaunchScreen.storyboard */ = {
			isa = PBXVariantGroup;
			children = (
				78A6CB072023476300405FE8 /* Base */,
			);
			name = LaunchScreen.storyboard;
			sourceTree = "<group>";
		};
/* End PBXVariantGroup section */

/* Begin XCBuildConfiguration section */
		78A6CB0C2023476300405FE8 /* Debug */ = {
			isa = XCBuildConfiguration;
			buildSettings = {
				ALWAYS_SEARCH_USER_PATHS = NO;
				CLANG_ANALYZER_NONNULL = YES;
				CLANG_ANALYZER_NUMBER_OBJECT_CONVERSION = YES_AGGRESSIVE;
				CLANG_CXX_LANGUAGE_STANDARD = "gnu++14";
				CLANG_CXX_LIBRARY = "libc++";
				CLANG_ENABLE_MODULES = YES;
				CLANG_ENABLE_OBJC_ARC = YES;
				CLANG_WARN_BLOCK_CAPTURE_AUTORELEASING = YES;
				CLANG_WARN_BOOL_CONVERSION = YES;
				CLANG_WARN_COMMA = YES;
				CLANG_WARN_CONSTANT_CONVERSION = YES;
				CLANG_WARN_DIRECT_OBJC_ISA_USAGE = YES_ERROR;
				CLANG_WARN_DOCUMENTATION_COMMENTS = YES;
				CLANG_WARN_EMPTY_BODY = YES;
				CLANG_WARN_ENUM_CONVERSION = YES;
				CLANG_WARN_INFINITE_RECURSION = YES;
				CLANG_WARN_INT_CONVERSION = YES;
				CLANG_WARN_NON_LITERAL_NULL_CONVERSION = YES;
				CLANG_WARN_OBJC_LITERAL_CONVERSION = YES;
				CLANG_WARN_OBJC_ROOT_CLASS = YES_ERROR;
				CLANG_WARN_RANGE_LOOP_ANALYSIS = YES;
				CLANG_WARN_STRICT_PROTOTYPES = YES;
				CLANG_WARN_SUSPICIOUS_MOVE = YES;
				CLANG_WARN_UNGUARDED_AVAILABILITY = YES_AGGRESSIVE;
				CLANG_WARN_UNREACHABLE_CODE = YES;
				CLANG_WARN__DUPLICATE_METHOD_MATCH = YES;
				CODE_SIGN_IDENTITY = "iPhone Developer";
				COPY_PHASE_STRIP = NO;
				DEBUG_INFORMATION_FORMAT = dwarf;
				ENABLE_STRICT_OBJC_MSGSEND = YES;
				ENABLE_TESTABILITY = YES;
				GCC_C_LANGUAGE_STANDARD = gnu11;
				GCC_DYNAMIC_NO_PIC = NO;
				GCC_NO_COMMON_BLOCKS = YES;
				GCC_OPTIMIZATION_LEVEL = 0;
				GCC_PREPROCESSOR_DEFINITIONS = (
					"DEBUG=1",
					"$(inherited)",
				);
				GCC_WARN_64_TO_32_BIT_CONVERSION = YES;
				GCC_WARN_ABOUT_RETURN_TYPE = YES_ERROR;
				GCC_WARN_UNDECLARED_SELECTOR = YES;
				GCC_WARN_UNINITIALIZED_AUTOS = YES_AGGRESSIVE;
				GCC_WARN_UNUSED_FUNCTION = YES;
				GCC_WARN_UNUSED_VARIABLE = YES;
				IPHONEOS_DEPLOYMENT_TARGET = 11.2;
				MTL_ENABLE_DEBUG_INFO = YES;
				ONLY_ACTIVE_ARCH = YES;
				SDKROOT = iphoneos;
			};
			name = Debug;
		};
		78A6CB0D2023476300405FE8 /* Release */ = {
			isa = XCBuildConfiguration;
			buildSettings = {
				ALWAYS_SEARCH_USER_PATHS = NO;
				CLANG_ANALYZER_NONNULL = YES;
				CLANG_ANALYZER_NUMBER_OBJECT_CONVERSION = YES_AGGRESSIVE;
				CLANG_CXX_LANGUAGE_STANDARD = "gnu++14";
				CLANG_CXX_LIBRARY = "libc++";
				CLANG_ENABLE_MODULES = YES;
				CLANG_ENABLE_OBJC_ARC = YES;
				CLANG_WARN_BLOCK_CAPTURE_AUTORELEASING = YES;
				CLANG_WARN_BOOL_CONVERSION = YES;
				CLANG_WARN_COMMA = YES;
				CLANG_WARN_CONSTANT_CONVERSION = YES;
				CLANG_WARN_DIRECT_OBJC_ISA_USAGE = YES_ERROR;
				CLANG_WARN_DOCUMENTATION_COMMENTS = YES;
				CLANG_WARN_EMPTY_BODY = YES;
				CLANG_WARN_ENUM_CONVERSION = YES;
				CLANG_WARN_INFINITE_RECURSION = YES;
				CLANG_WARN_INT_CONVERSION = YES;
				CLANG_WARN_NON_LITERAL_NULL_CONVERSION = YES;
				CLANG_WARN_OBJC_LITERAL_CONVERSION = YES;
				CLANG_WARN_OBJC_ROOT_CLASS = YES_ERROR;
				CLANG_WARN_RANGE_LOOP_ANALYSIS = YES;
				CLANG_WARN_STRICT_PROTOTYPES = YES;
				CLANG_WARN_SUSPICIOUS_MOVE = YES;
				CLANG_WARN_UNGUARDED_AVAILABILITY = YES_AGGRESSIVE;
				CLANG_WARN_UNREACHABLE_CODE = YES;
				CLANG_WARN__DUPLICATE_METHOD_MATCH = YES;
				CODE_SIGN_IDENTITY = "iPhone Developer";
				COPY_PHASE_STRIP = NO;
				DEBUG_INFORMATION_FORMAT = "dwarf-with-dsym";
				ENABLE_NS_ASSERTIONS = NO;
				ENABLE_STRICT_OBJC_MSGSEND = YES;
				GCC_C_LANGUAGE_STANDARD = gnu11;
				GCC_NO_COMMON_BLOCKS = YES;
				GCC_WARN_64_TO_32_BIT_CONVERSION = YES;
				GCC_WARN_ABOUT_RETURN_TYPE = YES_ERROR;
				GCC_WARN_UNDECLARED_SELECTOR = YES;
				GCC_WARN_UNINITIALIZED_AUTOS = YES_AGGRESSIVE;
				GCC_WARN_UNUSED_FUNCTION = YES;
				GCC_WARN_UNUSED_VARIABLE = YES;
				IPHONEOS_DEPLOYMENT_TARGET = 11.2;
				MTL_ENABLE_DEBUG_INFO = NO;
				SDKROOT = iphoneos;
				VALIDATE_PRODUCT = YES;
			};
			name = Release;
		};
		78A6CB0F2023476300405FE8 /* Debug */ = {
			isa = XCBuildConfiguration;
			buildSettings = {
				ASSETCATALOG_COMPILER_APPICON_NAME = AppIcon;
				CODE_SIGN_ENTITLEMENTS = wkeychain/wkeychain.entitlements;
				CODE_SIGN_STYLE = Automatic;
				DEVELOPMENT_TEAM = AGD4F38NNV;
				INFOPLIST_FILE = wkeychain/Info.plist;
				LD_RUNPATH_SEARCH_PATHS = "$(inherited) @executable_path/Frameworks";
				PRODUCT_BUNDLE_IDENTIFIER = com.dangsheng.test;
				PRODUCT_NAME = "$(TARGET_NAME)";
				TARGETED_DEVICE_FAMILY = "1,2";
			};
			name = Debug;
		};
		78A6CB102023476300405FE8 /* Release */ = {
			isa = XCBuildConfiguration;
			buildSettings = {
				ASSETCATALOG_COMPILER_APPICON_NAME = AppIcon;
				CODE_SIGN_ENTITLEMENTS = wkeychain/wkeychain.entitlements;
				CODE_SIGN_STYLE = Automatic;
				DEVELOPMENT_TEAM = AGD4F38NNV;
				INFOPLIST_FILE = wkeychain/Info.plist;
				LD_RUNPATH_SEARCH_PATHS = "$(inherited) @executable_path/Frameworks";
				PRODUCT_BUNDLE_IDENTIFIER = com.dangsheng.test;
				PRODUCT_NAME = "$(TARGET_NAME)";
				TARGETED_DEVICE_FAMILY = "1,2";
			};
			name = Release;
		};
/* End XCBuildConfiguration section */

/* Begin XCConfigurationList section */
		78A6CAF32023476200405FE8 /* Build configuration list for PBXProject "wkeychain" */ = {
			isa = XCConfigurationList;
			buildConfigurations = (
				78A6CB0C2023476300405FE8 /* Debug */,
				78A6CB0D2023476300405FE8 /* Release */,
			);
			defaultConfigurationIsVisible = 0;
			defaultConfigurationName = Release;
		};
		78A6CB0E2023476300405FE8 /* Build configuration list for PBXNativeTarget "wkeychain" */ = {
			isa = XCConfigurationList;
			buildConfigurations = (
				78A6CB0F2023476300405FE8 /* Debug */,
				78A6CB102023476300405FE8 /* Release */,
			);
			defaultConfigurationIsVisible = 0;
			defaultConfigurationName = Release;
		};
/* End XCConfigurationList section */
	};
	rootObject = 78A6CAF02023476200405FE8 /* Project object */;
}
